
Microsoft Visual Studio Solution File, Format Version 12.00
# Visual Studio 15
VisualStudioVersion = 15.0.27004.2009
MinimumVisualStudioVersion = 10.0.40219.1
Project("{FAE04EC0-301F-11D3-BF4B-00C04F79EFBC}") = "Raceflightone BB Dump Explorer", "Raceflightone BB Dump Explorer.csproj", "{F9970A35-BDA0-4366-BEFF-D1C100D3461C}"
EndProject
Global
	GlobalSection(SolutionConfigurationPlatforms) = preSolution
		Debug|x64 = Debug|x64
		Debug|x86 = Debug|x86
		Release|x64 = Release|x64
		Release|x86 = Release|x86
	EndGlobalSection
	GlobalSection(ProjectConfigurationPlatforms) = postSolution
		{F9970A35-BDA0-4366-BEFF-D1C100D3461C}.Debug|x64.ActiveCfg = Debug|x64
		{F9970A35-BDA0-4366-BEFF-D1C100D3461C}.Debug|x64.Build.0 = Debug|x64
		{F9970A35-BDA0-4366-BEFF-D1C100D3461C}.Debug|x86.ActiveCfg = Release|x86
		{F9970A35-BDA0-4366-BEFF-D1C100D3461C}.Debug|x86.Build.0 = Release|x86
		{F9970A35-BDA0-4366-BEFF-D1C100D3461C}.Release|x64.ActiveCfg = Release|x86
		{F9970A35-BDA0-4366-BEFF-D1C100D3461C}.Release|x64.Build.0 = Release|x86
		{F9970A35-BDA0-4366-BEFF-D1C100D3461C}.Release|x86.ActiveCfg = Release|x86
		{F9970A35-BDA0-4366-BEFF-D1C100D3461C}.Release|x86.Build.0 = Release|x86
	EndGlobalSection
	GlobalSection(SolutionProperties) = preSolution
		HideSolutionNode = FALSE
	EndGlobalSection
	GlobalSection(ExtensibilityGlobals) = postSolution
		SolutionGuid = {6F9DDF95-944B-41D5-A093-ACF4DF2103EB}
	EndGlobalSection
EndGlobal
